
Microsoft Visual Studio Solution File, Format Version 12.00
# Visual Studio Version 16
VisualStudioVersion = 16.0.31624.102
MinimumVisualStudioVersion = 10.0.40219.1
Project("{8BC9CEB8-8B4A-11D0-8D11-00A0C91BC942}") = "Engine", "Engine\Engine.vcxproj", "{4EA9AE3C-0B34-407C-BEFB-9DD9B9714D1B}"
EndProject
Project("{9A19103F-16F7-4668-BE54-9A1E7A4F7556}") = "SnakeLauncher", "SnakeLauncher\SnakeLauncher.csproj", "{89DAF161-7FC6-438C-81C8-0E1B4FF63B18}"
EndProject
Global
	GlobalSection(SolutionConfigurationPlatforms) = preSolution
		Debug|Any CPU = Debug|Any CPU
		Debug|x64 = Debug|x64
		Release|Any CPU = Release|Any CPU
		Release|x64 = Release|x64
	EndGlobalSection
	GlobalSection(ProjectConfigurationPlatforms) = postSolution
		{4EA9AE3C-0B34-407C-BEFB-9DD9B9714D1B}.Debug|Any CPU.ActiveCfg = Debug|x64
		{4EA9AE3C-0B34-407C-BEFB-9DD9B9714D1B}.Debug|Any CPU.Build.0 = Debug|x64
		{4EA9AE3C-0B34-407C-BEFB-9DD9B9714D1B}.Debug|x64.ActiveCfg = Debug|x64
		{4EA9AE3C-0B34-407C-BEFB-9DD9B9714D1B}.Debug|x64.Build.0 = Debug|x64
		{4EA9AE3C-0B34-407C-BEFB-9DD9B9714D1B}.Release|Any CPU.ActiveCfg = Release|x64
		{4EA9AE3C-0B34-407C-BEFB-9DD9B9714D1B}.Release|Any CPU.Build.0 = Release|x64
		{4EA9AE3C-0B34-407C-BEFB-9DD9B9714D1B}.Release|x64.ActiveCfg = Release|x64
		{4EA9AE3C-0B34-407C-BEFB-9DD9B9714D1B}.Release|x64.Build.0 = Release|x64
		{89DAF161-7FC6-438C-81C8-0E1B4FF63B18}.Debug|Any CPU.ActiveCfg = Debug|Any CPU
		{89DAF161-7FC6-438C-81C8-0E1B4FF63B18}.Debug|Any CPU.Build.0 = Debug|Any CPU
		{89DAF161-7FC6-438C-81C8-0E1B4FF63B18}.Debug|x64.ActiveCfg = Debug|Any CPU
		{89DAF161-7FC6-438C-81C8-0E1B4FF63B18}.Debug|x64.Build.0 = Debug|Any CPU
		{89DAF161-7FC6-438C-81C8-0E1B4FF63B18}.Release|Any CPU.ActiveCfg = Release|Any CPU
		{89DAF161-7FC6-438C-81C8-0E1B4FF63B18}.Release|Any CPU.Build.0 = Release|Any CPU
		{89DAF161-7FC6-438C-81C8-0E1B4FF63B18}.Release|x64.ActiveCfg = Release|Any CPU
		{89DAF161-7FC6-438C-81C8-0E1B4FF63B18}.Release|x64.Build.0 = Release|Any CPU
	EndGlobalSection
	GlobalSection(SolutionProperties) = preSolution
		HideSolutionNode = FALSE
	EndGlobalSection
	GlobalSection(ExtensibilityGlobals) = postSolution
		SolutionGuid = {150375DE-DDE7-46DD-A040-452690EA03A3}
	EndGlobalSection
EndGlobal
